// !$*UTF8*$!
{
	archiveVersion = 1;
	classes = {
	};
	objectVersion = 56;
	objects = {

/* Begin PBXBuildFile section */
		D8B5DE3B2BCE4A99002205F9 /* AppDelegate.swift in Sources */ = {isa = PBXBuildFile; fileRef = D8B5DE3A2BCE4A99002205F9 /* AppDelegate.swift */; };
		D8B5DE3D2BCE4A99002205F9 /* SceneDelegate.swift in Sources */ = {isa = PBXBuildFile; fileRef = D8B5DE3C2BCE4A99002205F9 /* SceneDelegate.swift */; };
		D8B5DE3F2BCE4A99002205F9 /* ViewController.swift in Sources */ = {isa = PBXBuildFile; fileRef = D8B5DE3E2BCE4A99002205F9 /* ViewController.swift */; };
		D8B5DE422BCE4A99002205F9 /* Main.storyboard in Resources */ = {isa = PBXBuildFile; fileRef = D8B5DE402BCE4A99002205F9 /* Main.storyboard */; };
		D8B5DE442BCE4A9B002205F9 /* Assets.xcassets in Resources */ = {isa = PBXBuildFile; fileRef = D8B5DE432BCE4A9B002205F9 /* Assets.xcassets */; };
		D8B5DE472BCE4A9B002205F9 /* LaunchScreen.storyboard in Resources */ = {isa = PBXBuildFile; fileRef = D8B5DE452BCE4A9B002205F9 /* LaunchScreen.storyboard */; };
		D8B5DE522BCE4A9C002205F9 /* fly_with_tai_v1Tests.swift in Sources */ = {isa = PBXBuildFile; fileRef = D8B5DE512BCE4A9C002205F9 /* fly_with_tai_v1Tests.swift */; };
		D8B5DE5C2BCE4A9C002205F9 /* fly_with_tai_v1UITests.swift in Sources */ = {isa = PBXBuildFile; fileRef = D8B5DE5B2BCE4A9C002205F9 /* fly_with_tai_v1UITests.swift */; };
		D8B5DE5E2BCE4A9C002205F9 /* fly_with_tai_v1UITestsLaunchTests.swift in Sources */ = {isa = PBXBuildFile; fileRef = D8B5DE5D2BCE4A9C002205F9 /* fly_with_tai_v1UITestsLaunchTests.swift */; };
		D8B5DE6B2BCF589D002205F9 /* HomeViewController.swift in Sources */ = {isa = PBXBuildFile; fileRef = D8B5DE6A2BCF589D002205F9 /* HomeViewController.swift */; };
		D8B5DE6D2BD0E8A7002205F9 /* FlightModel.swift in Sources */ = {isa = PBXBuildFile; fileRef = D8B5DE6C2BD0E8A7002205F9 /* FlightModel.swift */; };
		D8B5DE6F2BD0E954002205F9 /* FlightsNetworkService.swift in Sources */ = {isa = PBXBuildFile; fileRef = D8B5DE6E2BD0E954002205F9 /* FlightsNetworkService.swift */; };
		D8B5DE712BD0F855002205F9 /* FlightTableViewCell.swift in Sources */ = {isa = PBXBuildFile; fileRef = D8B5DE702BD0F855002205F9 /* FlightTableViewCell.swift */; };
/* End PBXBuildFile section */

/* Begin PBXContainerItemProxy section */
		D8B5DE4E2BCE4A9C002205F9 /* PBXContainerItemProxy */ = {
			isa = PBXContainerItemProxy;
			containerPortal = D8B5DE2F2BCE4A99002205F9 /* Project object */;
			proxyType = 1;
			remoteGlobalIDString = D8B5DE362BCE4A99002205F9;
			remoteInfo = fly_with_tai_v1;
		};
		D8B5DE582BCE4A9C002205F9 /* PBXContainerItemProxy */ = {
			isa = PBXContainerItemProxy;
			containerPortal = D8B5DE2F2BCE4A99002205F9 /* Project object */;
			proxyType = 1;
			remoteGlobalIDString = D8B5DE362BCE4A99002205F9;
			remoteInfo = fly_with_tai_v1;
		};
/* End PBXContainerItemProxy section */

/* Begin PBXFileReference section */
		D8B5DE372BCE4A99002205F9 /* fly_with_tai_v1.app */ = {isa = PBXFileReference; explicitFileType = wrapper.application; includeInIndex = 0; path = fly_with_tai_v1.app; sourceTree = BUILT_PRODUCTS_DIR; };
		D8B5DE3A2BCE4A99002205F9 /* AppDelegate.swift */ = {isa = PBXFileReference; lastKnownFileType = sourcecode.swift; path = AppDelegate.swift; sourceTree = "<group>"; };
		D8B5DE3C2BCE4A99002205F9 /* SceneDelegate.swift */ = {isa = PBXFileReference; lastKnownFileType = sourcecode.swift; path = SceneDelegate.swift; sourceTree = "<group>"; };
		D8B5DE3E2BCE4A99002205F9 /* ViewController.swift */ = {isa = PBXFileReference; lastKnownFileType = sourcecode.swift; path = ViewController.swift; sourceTree = "<group>"; };
		D8B5DE412BCE4A99002205F9 /* Base */ = {isa = PBXFileReference; lastKnownFileType = file.storyboard; name = Base; path = Base.lproj/Main.storyboard; sourceTree = "<group>"; };
		D8B5DE432BCE4A9B002205F9 /* Assets.xcassets */ = {isa = PBXFileReference; lastKnownFileType = folder.assetcatalog; path = Assets.xcassets; sourceTree = "<group>"; };
		D8B5DE462BCE4A9B002205F9 /* Base */ = {isa = PBXFileReference; lastKnownFileType = file.storyboard; name = Base; path = Base.lproj/LaunchScreen.storyboard; sourceTree = "<group>"; };
		D8B5DE482BCE4A9B002205F9 /* Info.plist */ = {isa = PBXFileReference; lastKnownFileType = text.plist.xml; path = Info.plist; sourceTree = "<group>"; };
		D8B5DE4D2BCE4A9C002205F9 /* fly_with_tai_v1Tests.xctest */ = {isa = PBXFileReference; explicitFileType = wrapper.cfbundle; includeInIndex = 0; path = fly_with_tai_v1Tests.xctest; sourceTree = BUILT_PRODUCTS_DIR; };
		D8B5DE512BCE4A9C002205F9 /* fly_with_tai_v1Tests.swift */ = {isa = PBXFileReference; lastKnownFileType = sourcecode.swift; path = fly_with_tai_v1Tests.swift; sourceTree = "<group>"; };
		D8B5DE572BCE4A9C002205F9 /* fly_with_tai_v1UITests.xctest */ = {isa = PBXFileReference; explicitFileType = wrapper.cfbundle; includeInIndex = 0; path = fly_with_tai_v1UITests.xctest; sourceTree = BUILT_PRODUCTS_DIR; };
		D8B5DE5B2BCE4A9C002205F9 /* fly_with_tai_v1UITests.swift */ = {isa = PBXFileReference; lastKnownFileType = sourcecode.swift; path = fly_with_tai_v1UITests.swift; sourceTree = "<group>"; };
		D8B5DE5D2BCE4A9C002205F9 /* fly_with_tai_v1UITestsLaunchTests.swift */ = {isa = PBXFileReference; lastKnownFileType = sourcecode.swift; path = fly_with_tai_v1UITestsLaunchTests.swift; sourceTree = "<group>"; };
		D8B5DE6A2BCF589D002205F9 /* HomeViewController.swift */ = {isa = PBXFileReference; lastKnownFileType = sourcecode.swift; path = HomeViewController.swift; sourceTree = "<group>"; };
		D8B5DE6C2BD0E8A7002205F9 /* FlightModel.swift */ = {isa = PBXFileReference; lastKnownFileType = sourcecode.swift; path = FlightModel.swift; sourceTree = "<group>"; };
		D8B5DE6E2BD0E954002205F9 /* FlightsNetworkService.swift */ = {isa = PBXFileReference; lastKnownFileType = sourcecode.swift; path = FlightsNetworkService.swift; sourceTree = "<group>"; };
		D8B5DE702BD0F855002205F9 /* FlightTableViewCell.swift */ = {isa = PBXFileReference; lastKnownFileType = sourcecode.swift; path = FlightTableViewCell.swift; sourceTree = "<group>"; };
/* End PBXFileReference section */

/* Begin PBXFrameworksBuildPhase section */
		D8B5DE342BCE4A99002205F9 /* Frameworks */ = {
			isa = PBXFrameworksBuildPhase;
			buildActionMask = 2147483647;
			files = (
			);
			runOnlyForDeploymentPostprocessing = 0;
		};
		D8B5DE4A2BCE4A9C002205F9 /* Frameworks */ = {
			isa = PBXFrameworksBuildPhase;
			buildActionMask = 2147483647;
			files = (
			);
			runOnlyForDeploymentPostprocessing = 0;
		};
		D8B5DE542BCE4A9C002205F9 /* Frameworks */ = {
			isa = PBXFrameworksBuildPhase;
			buildActionMask = 2147483647;
			files = (
			);
			runOnlyForDeploymentPostprocessing = 0;
		};
/* End PBXFrameworksBuildPhase section */

/* Begin PBXGroup section */
		D8B5DE2E2BCE4A99002205F9 = {
			isa = PBXGroup;
			children = (
				D8B5DE392BCE4A99002205F9 /* fly_with_tai_v1 */,
				D8B5DE502BCE4A9C002205F9 /* fly_with_tai_v1Tests */,
				D8B5DE5A2BCE4A9C002205F9 /* fly_with_tai_v1UITests */,
				D8B5DE382BCE4A99002205F9 /* Products */,
			);
			sourceTree = "<group>";
		};
		D8B5DE382BCE4A99002205F9 /* Products */ = {
			isa = PBXGroup;
			children = (
				D8B5DE372BCE4A99002205F9 /* fly_with_tai_v1.app */,
				D8B5DE4D2BCE4A9C002205F9 /* fly_with_tai_v1Tests.xctest */,
				D8B5DE572BCE4A9C002205F9 /* fly_with_tai_v1UITests.xctest */,
			);
			name = Products;
			sourceTree = "<group>";
		};
		D8B5DE392BCE4A99002205F9 /* fly_with_tai_v1 */ = {
			isa = PBXGroup;
			children = (
				D8B5DE3A2BCE4A99002205F9 /* AppDelegate.swift */,
				D8B5DE3C2BCE4A99002205F9 /* SceneDelegate.swift */,
				D8B5DE3E2BCE4A99002205F9 /* ViewController.swift */,
				D8B5DE402BCE4A99002205F9 /* Main.storyboard */,
				D8B5DE432BCE4A9B002205F9 /* Assets.xcassets */,
				D8B5DE452BCE4A9B002205F9 /* LaunchScreen.storyboard */,
				D8B5DE482BCE4A9B002205F9 /* Info.plist */,
				D8B5DE6A2BCF589D002205F9 /* HomeViewController.swift */,
				D8B5DE6C2BD0E8A7002205F9 /* FlightModel.swift */,
				D8B5DE6E2BD0E954002205F9 /* FlightsNetworkService.swift */,
				D8B5DE702BD0F855002205F9 /* FlightTableViewCell.swift */,
			);
			path = fly_with_tai_v1;
			sourceTree = "<group>";
		};
		D8B5DE502BCE4A9C002205F9 /* fly_with_tai_v1Tests */ = {
			isa = PBXGroup;
			children = (
				D8B5DE512BCE4A9C002205F9 /* fly_with_tai_v1Tests.swift */,
			);
			path = fly_with_tai_v1Tests;
			sourceTree = "<group>";
		};
		D8B5DE5A2BCE4A9C002205F9 /* fly_with_tai_v1UITests */ = {
			isa = PBXGroup;
			children = (
				D8B5DE5B2BCE4A9C002205F9 /* fly_with_tai_v1UITests.swift */,
				D8B5DE5D2BCE4A9C002205F9 /* fly_with_tai_v1UITestsLaunchTests.swift */,
			);
			path = fly_with_tai_v1UITests;
			sourceTree = "<group>";
		};
/* End PBXGroup section */

/* Begin PBXNativeTarget section */
		D8B5DE362BCE4A99002205F9 /* fly_with_tai_v1 */ = {
			isa = PBXNativeTarget;
			buildConfigurationList = D8B5DE612BCE4A9C002205F9 /* Build configuration list for PBXNativeTarget "fly_with_tai_v1" */;
			buildPhases = (
				D8B5DE332BCE4A99002205F9 /* Sources */,
				D8B5DE342BCE4A99002205F9 /* Frameworks */,
				D8B5DE352BCE4A99002205F9 /* Resources */,
			);
			buildRules = (
			);
			dependencies = (
			);
			name = fly_with_tai_v1;
			productName = fly_with_tai_v1;
			productReference = D8B5DE372BCE4A99002205F9 /* fly_with_tai_v1.app */;
			productType = "com.apple.product-type.application";
		};
		D8B5DE4C2BCE4A9C002205F9 /* fly_with_tai_v1Tests */ = {
			isa = PBXNativeTarget;
			buildConfigurationList = D8B5DE642BCE4A9C002205F9 /* Build configuration list for PBXNativeTarget "fly_with_tai_v1Tests" */;
			buildPhases = (
				D8B5DE492BCE4A9C002205F9 /* Sources */,
				D8B5DE4A2BCE4A9C002205F9 /* Frameworks */,
				D8B5DE4B2BCE4A9C002205F9 /* Resources */,
			);
			buildRules = (
			);
			dependencies = (
				D8B5DE4F2BCE4A9C002205F9 /* PBXTargetDependency */,
			);
			name = fly_with_tai_v1Tests;
			productName = fly_with_tai_v1Tests;
			productReference = D8B5DE4D2BCE4A9C002205F9 /* fly_with_tai_v1Tests.xctest */;
			productType = "com.apple.product-type.bundle.unit-test";
		};
		D8B5DE562BCE4A9C002205F9 /* fly_with_tai_v1UITests */ = {
			isa = PBXNativeTarget;
			buildConfigurationList = D8B5DE672BCE4A9C002205F9 /* Build configuration list for PBXNativeTarget "fly_with_tai_v1UITests" */;
			buildPhases = (
				D8B5DE532BCE4A9C002205F9 /* Sources */,
				D8B5DE542BCE4A9C002205F9 /* Frameworks */,
				D8B5DE552BCE4A9C002205F9 /* Resources */,
			);
			buildRules = (
			);
			dependencies = (
				D8B5DE592BCE4A9C002205F9 /* PBXTargetDependency */,
			);
			name = fly_with_tai_v1UITests;
			productName = fly_with_tai_v1UITests;
			productReference = D8B5DE572BCE4A9C002205F9 /* fly_with_tai_v1UITests.xctest */;
			productType = "com.apple.product-type.bundle.ui-testing";
		};
/* End PBXNativeTarget section */

/* Begin PBXProject section */
		D8B5DE2F2BCE4A99002205F9 /* Project object */ = {
			isa = PBXProject;
			attributes = {
				BuildIndependentTargetsInParallel = 1;
				LastSwiftUpdateCheck = 1520;
				LastUpgradeCheck = 1520;
				TargetAttributes = {
					D8B5DE362BCE4A99002205F9 = {
						CreatedOnToolsVersion = 15.2;
					};
					D8B5DE4C2BCE4A9C002205F9 = {
						CreatedOnToolsVersion = 15.2;
						TestTargetID = D8B5DE362BCE4A99002205F9;
					};
					D8B5DE562BCE4A9C002205F9 = {
						CreatedOnToolsVersion = 15.2;
						TestTargetID = D8B5DE362BCE4A99002205F9;
					};
				};
			};
			buildConfigurationList = D8B5DE322BCE4A99002205F9 /* Build configuration list for PBXProject "fly_with_tai_v1" */;
			compatibilityVersion = "Xcode 14.0";
			developmentRegion = en;
			hasScannedForEncodings = 0;
			knownRegions = (
				en,
				Base,
			);
			mainGroup = D8B5DE2E2BCE4A99002205F9;
			productRefGroup = D8B5DE382BCE4A99002205F9 /* Products */;
			projectDirPath = "";
			projectRoot = "";
			targets = (
				D8B5DE362BCE4A99002205F9 /* fly_with_tai_v1 */,
				D8B5DE4C2BCE4A9C002205F9 /* fly_with_tai_v1Tests */,
				D8B5DE562BCE4A9C002205F9 /* fly_with_tai_v1UITests */,
			);
		};
/* End PBXProject section */

/* Begin PBXResourcesBuildPhase section */
		D8B5DE352BCE4A99002205F9 /* Resources */ = {
			isa = PBXResourcesBuildPhase;
			buildActionMask = 2147483647;
			files = (
				D8B5DE472BCE4A9B002205F9 /* LaunchScreen.storyboard in Resources */,
				D8B5DE442BCE4A9B002205F9 /* Assets.xcassets in Resources */,
				D8B5DE422BCE4A99002205F9 /* Main.storyboard in Resources */,
			);
			runOnlyForDeploymentPostprocessing = 0;
		};
		D8B5DE4B2BCE4A9C002205F9 /* Resources */ = {
			isa = PBXResourcesBuildPhase;
			buildActionMask = 2147483647;
			files = (
			);
			runOnlyForDeploymentPostprocessing = 0;
		};
		D8B5DE552BCE4A9C002205F9 /* Resources */ = {
			isa = PBXResourcesBuildPhase;
			buildActionMask = 2147483647;
			files = (
			);
			runOnlyForDeploymentPostprocessing = 0;
		};
/* End PBXResourcesBuildPhase section */

/* Begin PBXSourcesBuildPhase section */
		D8B5DE332BCE4A99002205F9 /* Sources */ = {
			isa = PBXSourcesBuildPhase;
			buildActionMask = 2147483647;
			files = (
				D8B5DE712BD0F855002205F9 /* FlightTableViewCell.swift in Sources */,
				D8B5DE6D2BD0E8A7002205F9 /* FlightModel.swift in Sources */,
				D8B5DE3F2BCE4A99002205F9 /* ViewController.swift in Sources */,
				D8B5DE6F2BD0E954002205F9 /* FlightsNetworkService.swift in Sources */,
				D8B5DE3B2BCE4A99002205F9 /* AppDelegate.swift in Sources */,
				D8B5DE3D2BCE4A99002205F9 /* SceneDelegate.swift in Sources */,
				D8B5DE6B2BCF589D002205F9 /* HomeViewController.swift in Sources */,
			);
			runOnlyForDeploymentPostprocessing = 0;
		};
		D8B5DE492BCE4A9C002205F9 /* Sources */ = {
			isa = PBXSourcesBuildPhase;
			buildActionMask = 2147483647;
			files = (
				D8B5DE522BCE4A9C002205F9 /* fly_with_tai_v1Tests.swift in Sources */,
			);
			runOnlyForDeploymentPostprocessing = 0;
		};
		D8B5DE532BCE4A9C002205F9 /* Sources */ = {
			isa = PBXSourcesBuildPhase;
			buildActionMask = 2147483647;
			files = (
				D8B5DE5E2BCE4A9C002205F9 /* fly_with_tai_v1UITestsLaunchTests.swift in Sources */,
				D8B5DE5C2BCE4A9C002205F9 /* fly_with_tai_v1UITests.swift in Sources */,
			);
			runOnlyForDeploymentPostprocessing = 0;
		};
/* End PBXSourcesBuildPhase section */

/* Begin PBXTargetDependency section */
		D8B5DE4F2BCE4A9C002205F9 /* PBXTargetDependency */ = {
			isa = PBXTargetDependency;
			target = D8B5DE362BCE4A99002205F9 /* fly_with_tai_v1 */;
			targetProxy = D8B5DE4E2BCE4A9C002205F9 /* PBXContainerItemProxy */;
		};
		D8B5DE592BCE4A9C002205F9 /* PBXTargetDependency */ = {
			isa = PBXTargetDependency;
			target = D8B5DE362BCE4A99002205F9 /* fly_with_tai_v1 */;
			targetProxy = D8B5DE582BCE4A9C002205F9 /* PBXContainerItemProxy */;
		};
/* End PBXTargetDependency section */

/* Begin PBXVariantGroup section */
		D8B5DE402BCE4A99002205F9 /* Main.storyboard */ = {
			isa = PBXVariantGroup;
			children = (
				D8B5DE412BCE4A99002205F9 /* Base */,
			);
			name = Main.storyboard;
			sourceTree = "<group>";
		};
		D8B5DE452BCE4A9B002205F9 /* LaunchScreen.storyboard */ = {
			isa = PBXVariantGroup;
			children = (
				D8B5DE462BCE4A9B002205F9 /* Base */,
			);
			name = LaunchScreen.storyboard;
			sourceTree = "<group>";
		};
/* End PBXVariantGroup section */

/* Begin XCBuildConfiguration section */
		D8B5DE5F2BCE4A9C002205F9 /* Debug */ = {
			isa = XCBuildConfiguration;
			buildSettings = {
				ALWAYS_SEARCH_USER_PATHS = NO;
				ASSETCATALOG_COMPILER_GENERATE_SWIFT_ASSET_SYMBOL_EXTENSIONS = YES;
				CLANG_ANALYZER_NONNULL = YES;
				CLANG_ANALYZER_NUMBER_OBJECT_CONVERSION = YES_AGGRESSIVE;
				CLANG_CXX_LANGUAGE_STANDARD = "gnu++20";
				CLANG_ENABLE_MODULES = YES;
				CLANG_ENABLE_OBJC_ARC = YES;
				CLANG_ENABLE_OBJC_WEAK = YES;
				CLANG_WARN_BLOCK_CAPTURE_AUTORELEASING = YES;
				CLANG_WARN_BOOL_CONVERSION = YES;
				CLANG_WARN_COMMA = YES;
				CLANG_WARN_CONSTANT_CONVERSION = YES;
				CLANG_WARN_DEPRECATED_OBJC_IMPLEMENTATIONS = YES;
				CLANG_WARN_DIRECT_OBJC_ISA_USAGE = YES_ERROR;
				CLANG_WARN_DOCUMENTATION_COMMENTS = YES;
				CLANG_WARN_EMPTY_BODY = YES;
				CLANG_WARN_ENUM_CONVERSION = YES;
				CLANG_WARN_INFINITE_RECURSION = YES;
				CLANG_WARN_INT_CONVERSION = YES;
				CLANG_WARN_NON_LITERAL_NULL_CONVERSION = YES;
				CLANG_WARN_OBJC_IMPLICIT_RETAIN_SELF = YES;
				CLANG_WARN_OBJC_LITERAL_CONVERSION = YES;
				CLANG_WARN_OBJC_ROOT_CLASS = YES_ERROR;
				CLANG_WARN_QUOTED_INCLUDE_IN_FRAMEWORK_HEADER = YES;
				CLANG_WARN_RANGE_LOOP_ANALYSIS = YES;
				CLANG_WARN_STRICT_PROTOTYPES = YES;
				CLANG_WARN_SUSPICIOUS_MOVE = YES;
				CLANG_WARN_UNGUARDED_AVAILABILITY = YES_AGGRESSIVE;
				CLANG_WARN_UNREACHABLE_CODE = YES;
				CLANG_WARN__DUPLICATE_METHOD_MATCH = YES;
				COPY_PHASE_STRIP = NO;
				DEBUG_INFORMATION_FORMAT = dwarf;
				ENABLE_STRICT_OBJC_MSGSEND = YES;
				ENABLE_TESTABILITY = YES;
				ENABLE_USER_SCRIPT_SANDBOXING = YES;
				GCC_C_LANGUAGE_STANDARD = gnu17;
				GCC_DYNAMIC_NO_PIC = NO;
				GCC_NO_COMMON_BLOCKS = YES;
				GCC_OPTIMIZATION_LEVEL = 0;
				GCC_PREPROCESSOR_DEFINITIONS = (
					"DEBUG=1",
					"$(inherited)",
				);
				GCC_WARN_64_TO_32_BIT_CONVERSION = YES;
				GCC_WARN_ABOUT_RETURN_TYPE = YES_ERROR;
				GCC_WARN_UNDECLARED_SELECTOR = YES;
				GCC_WARN_UNINITIALIZED_AUTOS = YES_AGGRESSIVE;
				GCC_WARN_UNUSED_FUNCTION = YES;
				GCC_WARN_UNUSED_VARIABLE = YES;
				IPHONEOS_DEPLOYMENT_TARGET = 17.2;
				LOCALIZATION_PREFERS_STRING_CATALOGS = YES;
				MTL_ENABLE_DEBUG_INFO = INCLUDE_SOURCE;
				MTL_FAST_MATH = YES;
				ONLY_ACTIVE_ARCH = YES;
				SDKROOT = iphoneos;
				SWIFT_ACTIVE_COMPILATION_CONDITIONS = "DEBUG $(inherited)";
				SWIFT_OPTIMIZATION_LEVEL = "-Onone";
			};
			name = Debug;
		};
		D8B5DE602BCE4A9C002205F9 /* Release */ = {
			isa = XCBuildConfiguration;
			buildSettings = {
				ALWAYS_SEARCH_USER_PATHS = NO;
				ASSETCATALOG_COMPILER_GENERATE_SWIFT_ASSET_SYMBOL_EXTENSIONS = YES;
				CLANG_ANALYZER_NONNULL = YES;
				CLANG_ANALYZER_NUMBER_OBJECT_CONVERSION = YES_AGGRESSIVE;
				CLANG_CXX_LANGUAGE_STANDARD = "gnu++20";
				CLANG_ENABLE_MODULES = YES;
				CLANG_ENABLE_OBJC_ARC = YES;
				CLANG_ENABLE_OBJC_WEAK = YES;
				CLANG_WARN_BLOCK_CAPTURE_AUTORELEASING = YES;
				CLANG_WARN_BOOL_CONVERSION = YES;
				CLANG_WARN_COMMA = YES;
				CLANG_WARN_CONSTANT_CONVERSION = YES;
				CLANG_WARN_DEPRECATED_OBJC_IMPLEMENTATIONS = YES;
				CLANG_WARN_DIRECT_OBJC_ISA_USAGE = YES_ERROR;
				CLANG_WARN_DOCUMENTATION_COMMENTS = YES;
				CLANG_WARN_EMPTY_BODY = YES;
				CLANG_WARN_ENUM_CONVERSION = YES;
				CLANG_WARN_INFINITE_RECURSION = YES;
				CLANG_WARN_INT_CONVERSION = YES;
				CLANG_WARN_NON_LITERAL_NULL_CONVERSION = YES;
				CLANG_WARN_OBJC_IMPLICIT_RETAIN_SELF = YES;
				CLANG_WARN_OBJC_LITERAL_CONVERSION = YES;
				CLANG_WARN_OBJC_ROOT_CLASS = YES_ERROR;
				CLANG_WARN_QUOTED_INCLUDE_IN_FRAMEWORK_HEADER = YES;
				CLANG_WARN_RANGE_LOOP_ANALYSIS = YES;
				CLANG_WARN_STRICT_PROTOTYPES = YES;
				CLANG_WARN_SUSPICIOUS_MOVE = YES;
				CLANG_WARN_UNGUARDED_AVAILABILITY = YES_AGGRESSIVE;
				CLANG_WARN_UNREACHABLE_CODE = YES;
				CLANG_WARN__DUPLICATE_METHOD_MATCH = YES;
				COPY_PHASE_STRIP = NO;
				DEBUG_INFORMATION_FORMAT = "dwarf-with-dsym";
				ENABLE_NS_ASSERTIONS = NO;
				ENABLE_STRICT_OBJC_MSGSEND = YES;
				ENABLE_USER_SCRIPT_SANDBOXING = YES;
				GCC_C_LANGUAGE_STANDARD = gnu17;
				GCC_NO_COMMON_BLOCKS = YES;
				GCC_WARN_64_TO_32_BIT_CONVERSION = YES;
				GCC_WARN_ABOUT_RETURN_TYPE = YES_ERROR;
				GCC_WARN_UNDECLARED_SELECTOR = YES;
				GCC_WARN_UNINITIALIZED_AUTOS = YES_AGGRESSIVE;
				GCC_WARN_UNUSED_FUNCTION = YES;
				GCC_WARN_UNUSED_VARIABLE = YES;
				IPHONEOS_DEPLOYMENT_TARGET = 17.2;
				LOCALIZATION_PREFERS_STRING_CATALOGS = YES;
				MTL_ENABLE_DEBUG_INFO = NO;
				MTL_FAST_MATH = YES;
				SDKROOT = iphoneos;
				SWIFT_COMPILATION_MODE = wholemodule;
				VALIDATE_PRODUCT = YES;
			};
			name = Release;
		};
		D8B5DE622BCE4A9C002205F9 /* Debug */ = {
			isa = XCBuildConfiguration;
			buildSettings = {
				ASSETCATALOG_COMPILER_APPICON_NAME = AppIcon;
				ASSETCATALOG_COMPILER_GLOBAL_ACCENT_COLOR_NAME = AccentColor;
				CODE_SIGN_STYLE = Automatic;
				CURRENT_PROJECT_VERSION = 1;
				GENERATE_INFOPLIST_FILE = YES;
				INFOPLIST_FILE = fly_with_tai_v1/Info.plist;
				INFOPLIST_KEY_UIApplicationSupportsIndirectInputEvents = YES;
				INFOPLIST_KEY_UILaunchStoryboardName = LaunchScreen;
				INFOPLIST_KEY_UIMainStoryboardFile = Main;
				INFOPLIST_KEY_UISupportedInterfaceOrientations_iPad = "UIInterfaceOrientationPortrait UIInterfaceOrientationPortraitUpsideDown UIInterfaceOrientationLandscapeLeft UIInterfaceOrientationLandscapeRight";
				INFOPLIST_KEY_UISupportedInterfaceOrientations_iPhone = "UIInterfaceOrientationPortrait UIInterfaceOrientationLandscapeLeft UIInterfaceOrientationLandscapeRight";
				LD_RUNPATH_SEARCH_PATHS = (
					"$(inherited)",
					"@executable_path/Frameworks",
				);
				MARKETING_VERSION = 1.0;
				PRODUCT_BUNDLE_IDENTIFIER = "com.davidisinta.fly-with-tai-v1";
				PRODUCT_NAME = "$(TARGET_NAME)";
				SWIFT_EMIT_LOC_STRINGS = YES;
				SWIFT_VERSION = 5.0;
				TARGETED_DEVICE_FAMILY = "1,2";
			};
			name = Debug;
		};
		D8B5DE632BCE4A9C002205F9 /* Release */ = {
			isa = XCBuildConfiguration;
			buildSettings = {
				ASSETCATALOG_COMPILER_APPICON_NAME = AppIcon;
				ASSETCATALOG_COMPILER_GLOBAL_ACCENT_COLOR_NAME = AccentColor;
				CODE_SIGN_STYLE = Automatic;
				CURRENT_PROJECT_VERSION = 1;
				GENERATE_INFOPLIST_FILE = YES;
				INFOPLIST_FILE = fly_with_tai_v1/Info.plist;
				INFOPLIST_KEY_UIApplicationSupportsIndirectInputEvents = YES;
				INFOPLIST_KEY_UILaunchStoryboardName = LaunchScreen;
				INFOPLIST_KEY_UIMainStoryboardFile = Main;
				INFOPLIST_KEY_UISupportedInterfaceOrientations_iPad = "UIInterfaceOrientationPortrait UIInterfaceOrientationPortraitUpsideDown UIInterfaceOrientationLandscapeLeft UIInterfaceOrientationLandscapeRight";
				INFOPLIST_KEY_UISupportedInterfaceOrientations_iPhone = "UIInterfaceOrientationPortrait UIInterfaceOrientationLandscapeLeft UIInterfaceOrientationLandscapeRight";
				LD_RUNPATH_SEARCH_PATHS = (
					"$(inherited)",
					"@executable_path/Frameworks",
				);
				MARKETING_VERSION = 1.0;
				PRODUCT_BUNDLE_IDENTIFIER = "com.davidisinta.fly-with-tai-v1";
				PRODUCT_NAME = "$(TARGET_NAME)";
				SWIFT_EMIT_LOC_STRINGS = YES;
				SWIFT_VERSION = 5.0;
				TARGETED_DEVICE_FAMILY = "1,2";
			};
			name = Release;
		};
		D8B5DE652BCE4A9C002205F9 /* Debug */ = {
			isa = XCBuildConfiguration;
			buildSettings = {
				ALWAYS_EMBED_SWIFT_STANDARD_LIBRARIES = YES;
				BUNDLE_LOADER = "$(TEST_HOST)";
				CODE_SIGN_STYLE = Automatic;
				CURRENT_PROJECT_VERSION = 1;
				GENERATE_INFOPLIST_FILE = YES;
				IPHONEOS_DEPLOYMENT_TARGET = 17.2;
				MARKETING_VERSION = 1.0;
				PRODUCT_BUNDLE_IDENTIFIER = "com.davidisinta.fly-with-tai-v1Tests";
				PRODUCT_NAME = "$(TARGET_NAME)";
				SWIFT_EMIT_LOC_STRINGS = NO;
				SWIFT_VERSION = 5.0;
				TARGETED_DEVICE_FAMILY = "1,2";
				TEST_HOST = "$(BUILT_PRODUCTS_DIR)/fly_with_tai_v1.app/$(BUNDLE_EXECUTABLE_FOLDER_PATH)/fly_with_tai_v1";
			};
			name = Debug;
		};
		D8B5DE662BCE4A9C002205F9 /* Release */ = {
			isa = XCBuildConfiguration;
			buildSettings = {
				ALWAYS_EMBED_SWIFT_STANDARD_LIBRARIES = YES;
				BUNDLE_LOADER = "$(TEST_HOST)";
				CODE_SIGN_STYLE = Automatic;
				CURRENT_PROJECT_VERSION = 1;
				GENERATE_INFOPLIST_FILE = YES;
				IPHONEOS_DEPLOYMENT_TARGET = 17.2;
				MARKETING_VERSION = 1.0;
				PRODUCT_BUNDLE_IDENTIFIER = "com.davidisinta.fly-with-tai-v1Tests";
				PRODUCT_NAME = "$(TARGET_NAME)";
				SWIFT_EMIT_LOC_STRINGS = NO;
				SWIFT_VERSION = 5.0;
				TARGETED_DEVICE_FAMILY = "1,2";
				TEST_HOST = "$(BUILT_PRODUCTS_DIR)/fly_with_tai_v1.app/$(BUNDLE_EXECUTABLE_FOLDER_PATH)/fly_with_tai_v1";
			};
			name = Release;
		};
		D8B5DE682BCE4A9C002205F9 /* Debug */ = {
			isa = XCBuildConfiguration;
			buildSettings = {
				ALWAYS_EMBED_SWIFT_STANDARD_LIBRARIES = YES;
				CODE_SIGN_STYLE = Automatic;
				CURRENT_PROJECT_VERSION = 1;
				GENERATE_INFOPLIST_FILE = YES;
				MARKETING_VERSION = 1.0;
				PRODUCT_BUNDLE_IDENTIFIER = "com.davidisinta.fly-with-tai-v1UITests";
				PRODUCT_NAME = "$(TARGET_NAME)";
				SWIFT_EMIT_LOC_STRINGS = NO;
				SWIFT_VERSION = 5.0;
				TARGETED_DEVICE_FAMILY = "1,2";
				TEST_TARGET_NAME = fly_with_tai_v1;
			};
			name = Debug;
		};
		D8B5DE692BCE4A9C002205F9 /* Release */ = {
			isa = XCBuildConfiguration;
			buildSettings = {
				ALWAYS_EMBED_SWIFT_STANDARD_LIBRARIES = YES;
				CODE_SIGN_STYLE = Automatic;
				CURRENT_PROJECT_VERSION = 1;
				GENERATE_INFOPLIST_FILE = YES;
				MARKETING_VERSION = 1.0;
				PRODUCT_BUNDLE_IDENTIFIER = "com.davidisinta.fly-with-tai-v1UITests";
				PRODUCT_NAME = "$(TARGET_NAME)";
				SWIFT_EMIT_LOC_STRINGS = NO;
				SWIFT_VERSION = 5.0;
				TARGETED_DEVICE_FAMILY = "1,2";
				TEST_TARGET_NAME = fly_with_tai_v1;
			};
			name = Release;
		};
/* End XCBuildConfiguration section */

/* Begin XCConfigurationList section */
		D8B5DE322BCE4A99002205F9 /* Build configuration list for PBXProject "fly_with_tai_v1" */ = {
			isa = XCConfigurationList;
			buildConfigurations = (
				D8B5DE5F2BCE4A9C002205F9 /* Debug */,
				D8B5DE602BCE4A9C002205F9 /* Release */,
			);
			defaultConfigurationIsVisible = 0;
			defaultConfigurationName = Release;
		};
		D8B5DE612BCE4A9C002205F9 /* Build configuration list for PBXNativeTarget "fly_with_tai_v1" */ = {
			isa = XCConfigurationList;
			buildConfigurations = (
				D8B5DE622BCE4A9C002205F9 /* Debug */,
				D8B5DE632BCE4A9C002205F9 /* Release */,
			);
			defaultConfigurationIsVisible = 0;
			defaultConfigurationName = Release;
		};
		D8B5DE642BCE4A9C002205F9 /* Build configuration list for PBXNativeTarget "fly_with_tai_v1Tests" */ = {
			isa = XCConfigurationList;
			buildConfigurations = (
				D8B5DE652BCE4A9C002205F9 /* Debug */,
				D8B5DE662BCE4A9C002205F9 /* Release */,
			);
			defaultConfigurationIsVisible = 0;
			defaultConfigurationName = Release;
		};
		D8B5DE672BCE4A9C002205F9 /* Build configuration list for PBXNativeTarget "fly_with_tai_v1UITests" */ = {
			isa = XCConfigurationList;
			buildConfigurations = (
				D8B5DE682BCE4A9C002205F9 /* Debug */,
				D8B5DE692BCE4A9C002205F9 /* Release */,
			);
			defaultConfigurationIsVisible = 0;
			defaultConfigurationName = Release;
		};
/* End XCConfigurationList section */
	};
	rootObject = D8B5DE2F2BCE4A99002205F9 /* Project object */;
}
